
Microsoft Visual Studio Solution File, Format Version 12.00
# Visual Studio Version 16
VisualStudioVersion = 16.0.30523.141
MinimumVisualStudioVersion = 10.0.40219.1
Project("{FAE04EC0-301F-11D3-BF4B-00C04F79EFBC}") = "splunk-act", "splunk-act\splunk-act.csproj", "{B0163466-4653-4BDD-A342-4B1AA6752925}"
EndProject
Global
	GlobalSection(SolutionConfigurationPlatforms) = preSolution
		Debug|Any CPU = Debug|Any CPU
		Release|Any CPU = Release|Any CPU
	EndGlobalSection
	GlobalSection(ProjectConfigurationPlatforms) = postSolution
		{B0163466-4653-4BDD-A342-4B1AA6752925}.Debug|Any CPU.ActiveCfg = Debug|Any CPU
		{B0163466-4653-4BDD-A342-4B1AA6752925}.Debug|Any CPU.Build.0 = Debug|Any CPU
		{B0163466-4653-4BDD-A342-4B1AA6752925}.Release|Any CPU.ActiveCfg = Release|Any CPU
		{B0163466-4653-4BDD-A342-4B1AA6752925}.Release|Any CPU.Build.0 = Release|Any CPU
	EndGlobalSection
	GlobalSection(SolutionProperties) = preSolution
		HideSolutionNode = FALSE
	EndGlobalSection
	GlobalSection(ExtensibilityGlobals) = postSolution
		SolutionGuid = {A07E18CD-5642-4A8E-A7BA-F280806CACDB}
	EndGlobalSection
EndGlobal
